
Microsoft Visual Studio Solution File, Format Version 12.00
# Visual Studio Version 16
VisualStudioVersion = 16.0.31229.75
MinimumVisualStudioVersion = 10.0.40219.1
Project("{9A19103F-16F7-4668-BE54-9A1E7A4F7556}") = "Pagamento.Application", "Pagamento.Application\Pagamento.Application.csproj", "{7276CF15-043F-4E9C-894D-719D72030BE6}"
EndProject
Project("{9A19103F-16F7-4668-BE54-9A1E7A4F7556}") = "Pagamento.Domain", "Pagamento.Domain\Pagamento.Domain.csproj", "{5874DAE0-7E64-498C-8A7C-18FA7D17DA2C}"
EndProject
Project("{9A19103F-16F7-4668-BE54-9A1E7A4F7556}") = "Pagamento.Service", "Pagamento.Service\Pagamento.Service.csproj", "{E586D04B-2327-4899-AD58-12C44A8B80F2}"
EndProject
Project("{9A19103F-16F7-4668-BE54-9A1E7A4F7556}") = "Pagamento.Infra.Mapping", "Pagamento.Infra.Mapping\Pagamento.Infra.Mapping.csproj", "{7D015CBD-6CC1-46EE-A86E-57AB815F83E5}"
EndProject
Global
	GlobalSection(SolutionConfigurationPlatforms) = preSolution
		Debug|Any CPU = Debug|Any CPU
		Release|Any CPU = Release|Any CPU
	EndGlobalSection
	GlobalSection(ProjectConfigurationPlatforms) = postSolution
		{7276CF15-043F-4E9C-894D-719D72030BE6}.Debug|Any CPU.ActiveCfg = Debug|Any CPU
		{7276CF15-043F-4E9C-894D-719D72030BE6}.Debug|Any CPU.Build.0 = Debug|Any CPU
		{7276CF15-043F-4E9C-894D-719D72030BE6}.Release|Any CPU.ActiveCfg = Release|Any CPU
		{7276CF15-043F-4E9C-894D-719D72030BE6}.Release|Any CPU.Build.0 = Release|Any CPU
		{5874DAE0-7E64-498C-8A7C-18FA7D17DA2C}.Debug|Any CPU.ActiveCfg = Debug|Any CPU
		{5874DAE0-7E64-498C-8A7C-18FA7D17DA2C}.Debug|Any CPU.Build.0 = Debug|Any CPU
		{5874DAE0-7E64-498C-8A7C-18FA7D17DA2C}.Release|Any CPU.ActiveCfg = Release|Any CPU
		{5874DAE0-7E64-498C-8A7C-18FA7D17DA2C}.Release|Any CPU.Build.0 = Release|Any CPU
		{E586D04B-2327-4899-AD58-12C44A8B80F2}.Debug|Any CPU.ActiveCfg = Debug|Any CPU
		{E586D04B-2327-4899-AD58-12C44A8B80F2}.Debug|Any CPU.Build.0 = Debug|Any CPU
		{E586D04B-2327-4899-AD58-12C44A8B80F2}.Release|Any CPU.ActiveCfg = Release|Any CPU
		{E586D04B-2327-4899-AD58-12C44A8B80F2}.Release|Any CPU.Build.0 = Release|Any CPU
		{7D015CBD-6CC1-46EE-A86E-57AB815F83E5}.Debug|Any CPU.ActiveCfg = Debug|Any CPU
		{7D015CBD-6CC1-46EE-A86E-57AB815F83E5}.Debug|Any CPU.Build.0 = Debug|Any CPU
		{7D015CBD-6CC1-46EE-A86E-57AB815F83E5}.Release|Any CPU.ActiveCfg = Release|Any CPU
		{7D015CBD-6CC1-46EE-A86E-57AB815F83E5}.Release|Any CPU.Build.0 = Release|Any CPU
	EndGlobalSection
	GlobalSection(SolutionProperties) = preSolution
		HideSolutionNode = FALSE
	EndGlobalSection
	GlobalSection(ExtensibilityGlobals) = postSolution
		SolutionGuid = {08F33C62-4C8D-462C-BDCF-B3C038611525}
	EndGlobalSection
EndGlobal
